
Microsoft Visual Studio Solution File, Format Version 12.00
# Visual Studio Version 17
VisualStudioVersion = 17.6.33801.468
MinimumVisualStudioVersion = 10.0.40219.1
Project("{9A19103F-16F7-4668-BE54-9A1E7A4F7556}") = "Edi.CacheAside.InMemory", "Edi.CacheAside.InMemory\Edi.CacheAside.InMemory.csproj", "{490FFB4D-D9A7-4D5E-8F1E-F88705B1F225}"
EndProject
Global
	GlobalSection(SolutionConfigurationPlatforms) = preSolution
		Debug|Any CPU = Debug|Any CPU
		Release|Any CPU = Release|Any CPU
	EndGlobalSection
	GlobalSection(ProjectConfigurationPlatforms) = postSolution
		{490FFB4D-D9A7-4D5E-8F1E-F88705B1F225}.Debug|Any CPU.ActiveCfg = Debug|Any CPU
		{490FFB4D-D9A7-4D5E-8F1E-F88705B1F225}.Debug|Any CPU.Build.0 = Debug|Any CPU
		{490FFB4D-D9A7-4D5E-8F1E-F88705B1F225}.Release|Any CPU.ActiveCfg = Release|Any CPU
		{490FFB4D-D9A7-4D5E-8F1E-F88705B1F225}.Release|Any CPU.Build.0 = Release|Any CPU
	EndGlobalSection
	GlobalSection(SolutionProperties) = preSolution
		HideSolutionNode = FALSE
	EndGlobalSection
	GlobalSection(ExtensibilityGlobals) = postSolution
		SolutionGuid = {8661474D-5A63-4C88-AA5C-63E0A23AABDC}
	EndGlobalSection
EndGlobal
